// !$*UTF8*$!
{
	archiveVersion = 1;
	classes = {
	};
	objectVersion = 46;
	objects = {

/* Begin PBXBuildFile section */
		5822CDEB1EF14C5200F20502 /* PlaySoundsViewController.swift in Sources */ = {isa = PBXBuildFile; fileRef = 5822CDEA1EF14C5200F20502 /* PlaySoundsViewController.swift */; };
		5822CDEF1EF1718C00F20502 /* PlaySoundsViewController-Audio.swift in Sources */ = {isa = PBXBuildFile; fileRef = 5822CDEE1EF1718C00F20502 /* PlaySoundsViewController-Audio.swift */; };
		587089661EF12F4D002B6FFB /* AppDelegate.swift in Sources */ = {isa = PBXBuildFile; fileRef = 587089651EF12F4D002B6FFB /* AppDelegate.swift */; };
		587089681EF12F4D002B6FFB /* RecordSoundsViewController.swift in Sources */ = {isa = PBXBuildFile; fileRef = 587089671EF12F4D002B6FFB /* RecordSoundsViewController.swift */; };
		5870896B1EF12F4D002B6FFB /* Main.storyboard in Resources */ = {isa = PBXBuildFile; fileRef = 587089691EF12F4D002B6FFB /* Main.storyboard */; };
		5870896D1EF12F4D002B6FFB /* Assets.xcassets in Resources */ = {isa = PBXBuildFile; fileRef = 5870896C1EF12F4D002B6FFB /* Assets.xcassets */; };
		587089701EF12F4D002B6FFB /* LaunchScreen.storyboard in Resources */ = {isa = PBXBuildFile; fileRef = 5870896E1EF12F4D002B6FFB /* LaunchScreen.storyboard */; };
		5870897B1EF12F4D002B6FFB /* PitchPerfectTests.swift in Sources */ = {isa = PBXBuildFile; fileRef = 5870897A1EF12F4D002B6FFB /* PitchPerfectTests.swift */; };
		587089861EF12F4D002B6FFB /* PitchPerfectUITests.swift in Sources */ = {isa = PBXBuildFile; fileRef = 587089851EF12F4D002B6FFB /* PitchPerfectUITests.swift */; };
/* End PBXBuildFile section */

/* Begin PBXContainerItemProxy section */
		587089771EF12F4D002B6FFB /* PBXContainerItemProxy */ = {
			isa = PBXContainerItemProxy;
			containerPortal = 5870895A1EF12F4D002B6FFB /* Project object */;
			proxyType = 1;
			remoteGlobalIDString = 587089611EF12F4D002B6FFB;
			remoteInfo = PitchPerfect;
		};
		587089821EF12F4D002B6FFB /* PBXContainerItemProxy */ = {
			isa = PBXContainerItemProxy;
			containerPortal = 5870895A1EF12F4D002B6FFB /* Project object */;
			proxyType = 1;
			remoteGlobalIDString = 587089611EF12F4D002B6FFB;
			remoteInfo = PitchPerfect;
		};
/* End PBXContainerItemProxy section */

/* Begin PBXFileReference section */
		5822CDEA1EF14C5200F20502 /* PlaySoundsViewController.swift */ = {isa = PBXFileReference; fileEncoding = 4; lastKnownFileType = sourcecode.swift; path = PlaySoundsViewController.swift; sourceTree = "<group>"; };
		5822CDEE1EF1718C00F20502 /* PlaySoundsViewController-Audio.swift */ = {isa = PBXFileReference; fileEncoding = 4; lastKnownFileType = sourcecode.swift; path = "PlaySoundsViewController-Audio.swift"; sourceTree = "<group>"; };
		587089621EF12F4D002B6FFB /* PitchPerfect.app */ = {isa = PBXFileReference; explicitFileType = wrapper.application; includeInIndex = 0; path = PitchPerfect.app; sourceTree = BUILT_PRODUCTS_DIR; };
		587089651EF12F4D002B6FFB /* AppDelegate.swift */ = {isa = PBXFileReference; lastKnownFileType = sourcecode.swift; path = AppDelegate.swift; sourceTree = "<group>"; };
		587089671EF12F4D002B6FFB /* RecordSoundsViewController.swift */ = {isa = PBXFileReference; lastKnownFileType = sourcecode.swift; path = RecordSoundsViewController.swift; sourceTree = "<group>"; };
		5870896A1EF12F4D002B6FFB /* Base */ = {isa = PBXFileReference; lastKnownFileType = file.storyboard; name = Base; path = Base.lproj/Main.storyboard; sourceTree = "<group>"; };
		5870896C1EF12F4D002B6FFB /* Assets.xcassets */ = {isa = PBXFileReference; lastKnownFileType = folder.assetcatalog; path = Assets.xcassets; sourceTree = "<group>"; };
		5870896F1EF12F4D002B6FFB /* Base */ = {isa = PBXFileReference; lastKnownFileType = file.storyboard; name = Base; path = Base.lproj/LaunchScreen.storyboard; sourceTree = "<group>"; };
		587089711EF12F4D002B6FFB /* Info.plist */ = {isa = PBXFileReference; lastKnownFileType = text.plist.xml; path = Info.plist; sourceTree = "<group>"; };
		587089761EF12F4D002B6FFB /* PitchPerfectTests.xctest */ = {isa = PBXFileReference; explicitFileType = wrapper.cfbundle; includeInIndex = 0; path = PitchPerfectTests.xctest; sourceTree = BUILT_PRODUCTS_DIR; };
		5870897A1EF12F4D002B6FFB /* PitchPerfectTests.swift */ = {isa = PBXFileReference; lastKnownFileType = sourcecode.swift; path = PitchPerfectTests.swift; sourceTree = "<group>"; };
		5870897C1EF12F4D002B6FFB /* Info.plist */ = {isa = PBXFileReference; lastKnownFileType = text.plist.xml; path = Info.plist; sourceTree = "<group>"; };
		587089811EF12F4D002B6FFB /* PitchPerfectUITests.xctest */ = {isa = PBXFileReference; explicitFileType = wrapper.cfbundle; includeInIndex = 0; path = PitchPerfectUITests.xctest; sourceTree = BUILT_PRODUCTS_DIR; };
		587089851EF12F4D002B6FFB /* PitchPerfectUITests.swift */ = {isa = PBXFileReference; lastKnownFileType = sourcecode.swift; path = PitchPerfectUITests.swift; sourceTree = "<group>"; };
		587089871EF12F4D002B6FFB /* Info.plist */ = {isa = PBXFileReference; lastKnownFileType = text.plist.xml; path = Info.plist; sourceTree = "<group>"; };
/* End PBXFileReference section */

/* Begin PBXFrameworksBuildPhase section */
		5870895F1EF12F4D002B6FFB /* Frameworks */ = {
			isa = PBXFrameworksBuildPhase;
			buildActionMask = 2147483647;
			files = (
			);
			runOnlyForDeploymentPostprocessing = 0;
		};
		587089731EF12F4D002B6FFB /* Frameworks */ = {
			isa = PBXFrameworksBuildPhase;
			buildActionMask = 2147483647;
			files = (
			);
			runOnlyForDeploymentPostprocessing = 0;
		};
		5870897E1EF12F4D002B6FFB /* Frameworks */ = {
			isa = PBXFrameworksBuildPhase;
			buildActionMask = 2147483647;
			files = (
			);
			runOnlyForDeploymentPostprocessing = 0;
		};
/* End PBXFrameworksBuildPhase section */

/* Begin PBXGroup section */
		587089591EF12F4D002B6FFB = {
			isa = PBXGroup;
			children = (
				587089641EF12F4D002B6FFB /* PitchPerfect */,
				587089791EF12F4D002B6FFB /* PitchPerfectTests */,
				587089841EF12F4D002B6FFB /* PitchPerfectUITests */,
				587089631EF12F4D002B6FFB /* Products */,
			);
			sourceTree = "<group>";
		};
		587089631EF12F4D002B6FFB /* Products */ = {
			isa = PBXGroup;
			children = (
				587089621EF12F4D002B6FFB /* PitchPerfect.app */,
				587089761EF12F4D002B6FFB /* PitchPerfectTests.xctest */,
				587089811EF12F4D002B6FFB /* PitchPerfectUITests.xctest */,
			);
			name = Products;
			sourceTree = "<group>";
		};
		587089641EF12F4D002B6FFB /* PitchPerfect */ = {
			isa = PBXGroup;
			children = (
				587089651EF12F4D002B6FFB /* AppDelegate.swift */,
				587089671EF12F4D002B6FFB /* RecordSoundsViewController.swift */,
				587089691EF12F4D002B6FFB /* Main.storyboard */,
				5870896C1EF12F4D002B6FFB /* Assets.xcassets */,
				5870896E1EF12F4D002B6FFB /* LaunchScreen.storyboard */,
				587089711EF12F4D002B6FFB /* Info.plist */,
				5822CDEA1EF14C5200F20502 /* PlaySoundsViewController.swift */,
				5822CDEE1EF1718C00F20502 /* PlaySoundsViewController-Audio.swift */,
			);
			path = PitchPerfect;
			sourceTree = "<group>";
		};
		587089791EF12F4D002B6FFB /* PitchPerfectTests */ = {
			isa = PBXGroup;
			children = (
				5870897A1EF12F4D002B6FFB /* PitchPerfectTests.swift */,
				5870897C1EF12F4D002B6FFB /* Info.plist */,
			);
			path = PitchPerfectTests;
			sourceTree = "<group>";
		};
		587089841EF12F4D002B6FFB /* PitchPerfectUITests */ = {
			isa = PBXGroup;
			children = (
				587089851EF12F4D002B6FFB /* PitchPerfectUITests.swift */,
				587089871EF12F4D002B6FFB /* Info.plist */,
			);
			path = PitchPerfectUITests;
			sourceTree = "<group>";
		};
/* End PBXGroup section */

/* Begin PBXNativeTarget section */
		587089611EF12F4D002B6FFB /* PitchPerfect */ = {
			isa = PBXNativeTarget;
			buildConfigurationList = 5870898A1EF12F4D002B6FFB /* Build configuration list for PBXNativeTarget "PitchPerfect" */;
			buildPhases = (
				5870895E1EF12F4D002B6FFB /* Sources */,
				5870895F1EF12F4D002B6FFB /* Frameworks */,
				587089601EF12F4D002B6FFB /* Resources */,
			);
			buildRules = (
			);
			dependencies = (
			);
			name = PitchPerfect;
			productName = PitchPerfect;
			productReference = 587089621EF12F4D002B6FFB /* PitchPerfect.app */;
			productType = "com.apple.product-type.application";
		};
		587089751EF12F4D002B6FFB /* PitchPerfectTests */ = {
			isa = PBXNativeTarget;
			buildConfigurationList = 5870898D1EF12F4D002B6FFB /* Build configuration list for PBXNativeTarget "PitchPerfectTests" */;
			buildPhases = (
				587089721EF12F4D002B6FFB /* Sources */,
				587089731EF12F4D002B6FFB /* Frameworks */,
				587089741EF12F4D002B6FFB /* Resources */,
			);
			buildRules = (
			);
			dependencies = (
				587089781EF12F4D002B6FFB /* PBXTargetDependency */,
			);
			name = PitchPerfectTests;
			productName = PitchPerfectTests;
			productReference = 587089761EF12F4D002B6FFB /* PitchPerfectTests.xctest */;
			productType = "com.apple.product-type.bundle.unit-test";
		};
		587089801EF12F4D002B6FFB /* PitchPerfectUITests */ = {
			isa = PBXNativeTarget;
			buildConfigurationList = 587089901EF12F4D002B6FFB /* Build configuration list for PBXNativeTarget "PitchPerfectUITests" */;
			buildPhases = (
				5870897D1EF12F4D002B6FFB /* Sources */,
				5870897E1EF12F4D002B6FFB /* Frameworks */,
				5870897F1EF12F4D002B6FFB /* Resources */,
			);
			buildRules = (
			);
			dependencies = (
				587089831EF12F4D002B6FFB /* PBXTargetDependency */,
			);
			name = PitchPerfectUITests;
			productName = PitchPerfectUITests;
			productReference = 587089811EF12F4D002B6FFB /* PitchPerfectUITests.xctest */;
			productType = "com.apple.product-type.bundle.ui-testing";
		};
/* End PBXNativeTarget section */

/* Begin PBXProject section */
		5870895A1EF12F4D002B6FFB /* Project object */ = {
			isa = PBXProject;
			attributes = {
				LastSwiftUpdateCheck = 0830;
				LastUpgradeCheck = 0830;
				ORGANIZATIONNAME = yc;
				TargetAttributes = {
					587089611EF12F4D002B6FFB = {
						CreatedOnToolsVersion = 8.3.2;
						ProvisioningStyle = Automatic;
					};
					587089751EF12F4D002B6FFB = {
						CreatedOnToolsVersion = 8.3.2;
						ProvisioningStyle = Automatic;
						TestTargetID = 587089611EF12F4D002B6FFB;
					};
					587089801EF12F4D002B6FFB = {
						CreatedOnToolsVersion = 8.3.2;
						ProvisioningStyle = Automatic;
						TestTargetID = 587089611EF12F4D002B6FFB;
					};
				};
			};
			buildConfigurationList = 5870895D1EF12F4D002B6FFB /* Build configuration list for PBXProject "PitchPerfect" */;
			compatibilityVersion = "Xcode 3.2";
			developmentRegion = English;
			hasScannedForEncodings = 0;
			knownRegions = (
				en,
				Base,
			);
			mainGroup = 587089591EF12F4D002B6FFB;
			productRefGroup = 587089631EF12F4D002B6FFB /* Products */;
			projectDirPath = "";
			projectRoot = "";
			targets = (
				587089611EF12F4D002B6FFB /* PitchPerfect */,
				587089751EF12F4D002B6FFB /* PitchPerfectTests */,
				587089801EF12F4D002B6FFB /* PitchPerfectUITests */,
			);
		};
/* End PBXProject section */

/* Begin PBXResourcesBuildPhase section */
		587089601EF12F4D002B6FFB /* Resources */ = {
			isa = PBXResourcesBuildPhase;
			buildActionMask = 2147483647;
			files = (
				587089701EF12F4D002B6FFB /* LaunchScreen.storyboard in Resources */,
				5870896D1EF12F4D002B6FFB /* Assets.xcassets in Resources */,
				5870896B1EF12F4D002B6FFB /* Main.storyboard in Resources */,
			);
			runOnlyForDeploymentPostprocessing = 0;
		};
		587089741EF12F4D002B6FFB /* Resources */ = {
			isa = PBXResourcesBuildPhase;
			buildActionMask = 2147483647;
			files = (
			);
			runOnlyForDeploymentPostprocessing = 0;
		};
		5870897F1EF12F4D002B6FFB /* Resources */ = {
			isa = PBXResourcesBuildPhase;
			buildActionMask = 2147483647;
			files = (
			);
			runOnlyForDeploymentPostprocessing = 0;
		};
/* End PBXResourcesBuildPhase section */

/* Begin PBXSourcesBuildPhase section */
		5870895E1EF12F4D002B6FFB /* Sources */ = {
			isa = PBXSourcesBuildPhase;
			buildActionMask = 2147483647;
			files = (
				587089681EF12F4D002B6FFB /* RecordSoundsViewController.swift in Sources */,
				5822CDEB1EF14C5200F20502 /* PlaySoundsViewController.swift in Sources */,
				587089661EF12F4D002B6FFB /* AppDelegate.swift in Sources */,
				5822CDEF1EF1718C00F20502 /* PlaySoundsViewController-Audio.swift in Sources */,
			);
			runOnlyForDeploymentPostprocessing = 0;
		};
		587089721EF12F4D002B6FFB /* Sources */ = {
			isa = PBXSourcesBuildPhase;
			buildActionMask = 2147483647;
			files = (
				5870897B1EF12F4D002B6FFB /* PitchPerfectTests.swift in Sources */,
			);
			runOnlyForDeploymentPostprocessing = 0;
		};
		5870897D1EF12F4D002B6FFB /* Sources */ = {
			isa = PBXSourcesBuildPhase;
			buildActionMask = 2147483647;
			files = (
				587089861EF12F4D002B6FFB /* PitchPerfectUITests.swift in Sources */,
			);
			runOnlyForDeploymentPostprocessing = 0;
		};
/* End PBXSourcesBuildPhase section */

/* Begin PBXTargetDependency section */
		587089781EF12F4D002B6FFB /* PBXTargetDependency */ = {
			isa = PBXTargetDependency;
			target = 587089611EF12F4D002B6FFB /* PitchPerfect */;
			targetProxy = 587089771EF12F4D002B6FFB /* PBXContainerItemProxy */;
		};
		587089831EF12F4D002B6FFB /* PBXTargetDependency */ = {
			isa = PBXTargetDependency;
			target = 587089611EF12F4D002B6FFB /* PitchPerfect */;
			targetProxy = 587089821EF12F4D002B6FFB /* PBXContainerItemProxy */;
		};
/* End PBXTargetDependency section */

/* Begin PBXVariantGroup section */
		587089691EF12F4D002B6FFB /* Main.storyboard */ = {
			isa = PBXVariantGroup;
			children = (
				5870896A1EF12F4D002B6FFB /* Base */,
			);
			name = Main.storyboard;
			sourceTree = "<group>";
		};
		5870896E1EF12F4D002B6FFB /* LaunchScreen.storyboard */ = {
			isa = PBXVariantGroup;
			children = (
				5870896F1EF12F4D002B6FFB /* Base */,
			);
			name = LaunchScreen.storyboard;
			sourceTree = "<group>";
		};
/* End PBXVariantGroup section */

/* Begin XCBuildConfiguration section */
		587089881EF12F4D002B6FFB /* Debug */ = {
			isa = XCBuildConfiguration;
			buildSettings = {
				ALWAYS_SEARCH_USER_PATHS = NO;
				CLANG_ANALYZER_NONNULL = YES;
				CLANG_ANALYZER_NUMBER_OBJECT_CONVERSION = YES_AGGRESSIVE;
				CLANG_CXX_LANGUAGE_STANDARD = "gnu++0x";
				CLANG_CXX_LIBRARY = "libc++";
				CLANG_ENABLE_MODULES = YES;
				CLANG_ENABLE_OBJC_ARC = YES;
				CLANG_WARN_BOOL_CONVERSION = YES;
				CLANG_WARN_CONSTANT_CONVERSION = YES;
				CLANG_WARN_DIRECT_OBJC_ISA_USAGE = YES_ERROR;
				CLANG_WARN_DOCUMENTATION_COMMENTS = YES;
				CLANG_WARN_EMPTY_BODY = YES;
				CLANG_WARN_ENUM_CONVERSION = YES;
				CLANG_WARN_INFINITE_RECURSION = YES;
				CLANG_WARN_INT_CONVERSION = YES;
				CLANG_WARN_OBJC_ROOT_CLASS = YES_ERROR;
				CLANG_WARN_SUSPICIOUS_MOVE = YES;
				CLANG_WARN_UNREACHABLE_CODE = YES;
				CLANG_WARN__DUPLICATE_METHOD_MATCH = YES;
				"CODE_SIGN_IDENTITY[sdk=iphoneos*]" = "iPhone Developer";
				COPY_PHASE_STRIP = NO;
				DEBUG_INFORMATION_FORMAT = dwarf;
				ENABLE_STRICT_OBJC_MSGSEND = YES;
				ENABLE_TESTABILITY = YES;
				GCC_C_LANGUAGE_STANDARD = gnu99;
				GCC_DYNAMIC_NO_PIC = NO;
				GCC_NO_COMMON_BLOCKS = YES;
				GCC_OPTIMIZATION_LEVEL = 0;
				GCC_PREPROCESSOR_DEFINITIONS = (
					"DEBUG=1",
					"$(inherited)",
				);
				GCC_WARN_64_TO_32_BIT_CONVERSION = YES;
				GCC_WARN_ABOUT_RETURN_TYPE = YES_ERROR;
				GCC_WARN_UNDECLARED_SELECTOR = YES;
				GCC_WARN_UNINITIALIZED_AUTOS = YES_AGGRESSIVE;
				GCC_WARN_UNUSED_FUNCTION = YES;
				GCC_WARN_UNUSED_VARIABLE = YES;
				IPHONEOS_DEPLOYMENT_TARGET = 10.3;
				MTL_ENABLE_DEBUG_INFO = YES;
				ONLY_ACTIVE_ARCH = YES;
				SDKROOT = iphoneos;
				SWIFT_ACTIVE_COMPILATION_CONDITIONS = DEBUG;
				SWIFT_OPTIMIZATION_LEVEL = "-Onone";
			};
			name = Debug;
		};
		587089891EF12F4D002B6FFB /* Release */ = {
			isa = XCBuildConfiguration;
			buildSettings = {
				ALWAYS_SEARCH_USER_PATHS = NO;
				CLANG_ANALYZER_NONNULL = YES;
				CLANG_ANALYZER_NUMBER_OBJECT_CONVERSION = YES_AGGRESSIVE;
				CLANG_CXX_LANGUAGE_STANDARD = "gnu++0x";
				CLANG_CXX_LIBRARY = "libc++";
				CLANG_ENABLE_MODULES = YES;
				CLANG_ENABLE_OBJC_ARC = YES;
				CLANG_WARN_BOOL_CONVERSION = YES;
				CLANG_WARN_CONSTANT_CONVERSION = YES;
				CLANG_WARN_DIRECT_OBJC_ISA_USAGE = YES_ERROR;
				CLANG_WARN_DOCUMENTATION_COMMENTS = YES;
				CLANG_WARN_EMPTY_BODY = YES;
				CLANG_WARN_ENUM_CONVERSION = YES;
				CLANG_WARN_INFINITE_RECURSION = YES;
				CLANG_WARN_INT_CONVERSION = YES;
				CLANG_WARN_OBJC_ROOT_CLASS = YES_ERROR;
				CLANG_WARN_SUSPICIOUS_MOVE = YES;
				CLANG_WARN_UNREACHABLE_CODE = YES;
				CLANG_WARN__DUPLICATE_METHOD_MATCH = YES;
				"CODE_SIGN_IDENTITY[sdk=iphoneos*]" = "iPhone Developer";
				COPY_PHASE_STRIP = NO;
				DEBUG_INFORMATION_FORMAT = "dwarf-with-dsym";
				ENABLE_NS_ASSERTIONS = NO;
				ENABLE_STRICT_OBJC_MSGSEND = YES;
				GCC_C_LANGUAGE_STANDARD = gnu99;
				GCC_NO_COMMON_BLOCKS = YES;
				GCC_WARN_64_TO_32_BIT_CONVERSION = YES;
				GCC_WARN_ABOUT_RETURN_TYPE = YES_ERROR;
				GCC_WARN_UNDECLARED_SELECTOR = YES;
				GCC_WARN_UNINITIALIZED_AUTOS = YES_AGGRESSIVE;
				GCC_WARN_UNUSED_FUNCTION = YES;
				GCC_WARN_UNUSED_VARIABLE = YES;
				IPHONEOS_DEPLOYMENT_TARGET = 10.3;
				MTL_ENABLE_DEBUG_INFO = NO;
				SDKROOT = iphoneos;
				SWIFT_OPTIMIZATION_LEVEL = "-Owholemodule";
				VALIDATE_PRODUCT = YES;
			};
			name = Release;
		};
		5870898B1EF12F4D002B6FFB /* Debug */ = {
			isa = XCBuildConfiguration;
			buildSettings = {
				INFOPLIST_FILE = PitchPerfect/Info.plist;
				LD_RUNPATH_SEARCH_PATHS = "$(inherited) @executable_path/Frameworks";
				PRODUCT_BUNDLE_IDENTIFIER = com.yc.PitchPerfect;
				PRODUCT_NAME = "$(TARGET_NAME)";
				SWIFT_VERSION = 3.0;
			};
			name = Debug;
		};
		5870898C1EF12F4D002B6FFB /* Release */ = {
			isa = XCBuildConfiguration;
			buildSettings = {
				INFOPLIST_FILE = PitchPerfect/Info.plist;
				LD_RUNPATH_SEARCH_PATHS = "$(inherited) @executable_path/Frameworks";
				PRODUCT_BUNDLE_IDENTIFIER = com.yc.PitchPerfect;
				PRODUCT_NAME = "$(TARGET_NAME)";
				SWIFT_VERSION = 3.0;
			};
			name = Release;
		};
		5870898E1EF12F4D002B6FFB /* Debug */ = {
			isa = XCBuildConfiguration;
			buildSettings = {
				ALWAYS_EMBED_SWIFT_STANDARD_LIBRARIES = YES;
				BUNDLE_LOADER = "$(TEST_HOST)";
				INFOPLIST_FILE = PitchPerfectTests/Info.plist;
				LD_RUNPATH_SEARCH_PATHS = "$(inherited) @executable_path/Frameworks @loader_path/Frameworks";
				PRODUCT_BUNDLE_IDENTIFIER = com.yc.PitchPerfectTests;
				PRODUCT_NAME = "$(TARGET_NAME)";
				SWIFT_VERSION = 3.0;
				TEST_HOST = "$(BUILT_PRODUCTS_DIR)/PitchPerfect.app/PitchPerfect";
			};
			name = Debug;
		};
		5870898F1EF12F4D002B6FFB /* Release */ = {
			isa = XCBuildConfiguration;
			buildSettings = {
				ALWAYS_EMBED_SWIFT_STANDARD_LIBRARIES = YES;
				BUNDLE_LOADER = "$(TEST_HOST)";
				INFOPLIST_FILE = PitchPerfectTests/Info.plist;
				LD_RUNPATH_SEARCH_PATHS = "$(inherited) @executable_path/Frameworks @loader_path/Frameworks";
				PRODUCT_BUNDLE_IDENTIFIER = com.yc.PitchPerfectTests;
				PRODUCT_NAME = "$(TARGET_NAME)";
				SWIFT_VERSION = 3.0;
				TEST_HOST = "$(BUILT_PRODUCTS_DIR)/PitchPerfect.app/PitchPerfect";
			};
			name = Release;
		};
		587089911EF12F4D002B6FFB /* Debug */ = {
			isa = XCBuildConfiguration;
			buildSettings = {
				ALWAYS_EMBED_SWIFT_STANDARD_LIBRARIES = YES;
				INFOPLIST_FILE = PitchPerfectUITests/Info.plist;
				LD_RUNPATH_SEARCH_PATHS = "$(inherited) @executable_path/Frameworks @loader_path/Frameworks";
				PRODUCT_BUNDLE_IDENTIFIER = com.yc.PitchPerfectUITests;
				PRODUCT_NAME = "$(TARGET_NAME)";
				SWIFT_VERSION = 3.0;
				TEST_TARGET_NAME = PitchPerfect;
			};
			name = Debug;
		};
		587089921EF12F4D002B6FFB /* Release */ = {
			isa = XCBuildConfiguration;
			buildSettings = {
				ALWAYS_EMBED_SWIFT_STANDARD_LIBRARIES = YES;
				INFOPLIST_FILE = PitchPerfectUITests/Info.plist;
				LD_RUNPATH_SEARCH_PATHS = "$(inherited) @executable_path/Frameworks @loader_path/Frameworks";
				PRODUCT_BUNDLE_IDENTIFIER = com.yc.PitchPerfectUITests;
				PRODUCT_NAME = "$(TARGET_NAME)";
				SWIFT_VERSION = 3.0;
				TEST_TARGET_NAME = PitchPerfect;
			};
			name = Release;
		};
/* End XCBuildConfiguration section */

/* Begin XCConfigurationList section */
		5870895D1EF12F4D002B6FFB /* Build configuration list for PBXProject "PitchPerfect" */ = {
			isa = XCConfigurationList;
			buildConfigurations = (
				587089881EF12F4D002B6FFB /* Debug */,
				587089891EF12F4D002B6FFB /* Release */,
			);
			defaultConfigurationIsVisible = 0;
			defaultConfigurationName = Release;
		};
		5870898A1EF12F4D002B6FFB /* Build configuration list for PBXNativeTarget "PitchPerfect" */ = {
			isa = XCConfigurationList;
			buildConfigurations = (
				5870898B1EF12F4D002B6FFB /* Debug */,
				5870898C1EF12F4D002B6FFB /* Release */,
			);
			defaultConfigurationIsVisible = 0;
			defaultConfigurationName = Release;
		};
		5870898D1EF12F4D002B6FFB /* Build configuration list for PBXNativeTarget "PitchPerfectTests" */ = {
			isa = XCConfigurationList;
			buildConfigurations = (
				5870898E1EF12F4D002B6FFB /* Debug */,
				5870898F1EF12F4D002B6FFB /* Release */,
			);
			defaultConfigurationIsVisible = 0;
			defaultConfigurationName = Release;
		};
		587089901EF12F4D002B6FFB /* Build configuration list for PBXNativeTarget "PitchPerfectUITests" */ = {
			isa = XCConfigurationList;
			buildConfigurations = (
				587089911EF12F4D002B6FFB /* Debug */,
				587089921EF12F4D002B6FFB /* Release */,
			);
			defaultConfigurationIsVisible = 0;
			defaultConfigurationName = Release;
		};
/* End XCConfigurationList section */
	};
	rootObject = 5870895A1EF12F4D002B6FFB /* Project object */;
}
